
Microsoft Visual Studio Solution File, Format Version 12.00
# Visual Studio Version 17
VisualStudioVersion = 17.5.002.0
MinimumVisualStudioVersion = 10.0.40219.1
Project("{9A19103F-16F7-4668-BE54-9A1E7A4F7556}") = "Try-Catch", "Try-Catch.csproj", "{55997B09-A0A7-4A59-B9F2-EDB446164F68}"
EndProject
Global
	GlobalSection(SolutionConfigurationPlatforms) = preSolution
		Debug|Any CPU = Debug|Any CPU
		Release|Any CPU = Release|Any CPU
	EndGlobalSection
	GlobalSection(ProjectConfigurationPlatforms) = postSolution
		{55997B09-A0A7-4A59-B9F2-EDB446164F68}.Debug|Any CPU.ActiveCfg = Debug|Any CPU
		{55997B09-A0A7-4A59-B9F2-EDB446164F68}.Debug|Any CPU.Build.0 = Debug|Any CPU
		{55997B09-A0A7-4A59-B9F2-EDB446164F68}.Release|Any CPU.ActiveCfg = Release|Any CPU
		{55997B09-A0A7-4A59-B9F2-EDB446164F68}.Release|Any CPU.Build.0 = Release|Any CPU
	EndGlobalSection
	GlobalSection(SolutionProperties) = preSolution
		HideSolutionNode = FALSE
	EndGlobalSection
	GlobalSection(ExtensibilityGlobals) = postSolution
		SolutionGuid = {2398A95A-C5BE-4B01-B5E7-399AC45632A2}
	EndGlobalSection
EndGlobal
